
Microsoft Visual Studio Solution File, Format Version 12.00
# Visual Studio Version 17
VisualStudioVersion = 17.0.31903.59
MinimumVisualStudioVersion = 10.0.40219.1
Project("{FAE04EC0-301F-11D3-BF4B-00C04F79EFBC}") = "AgentDeck", "AgentDeck\AgentDeck.csproj", "{81892D36-6C24-45F7-A479-057D8A40C77E}"
EndProject
Project("{FAE04EC0-301F-11D3-BF4B-00C04F79EFBC}") = "AgentDeck.Tests", "AgentDeck.Tests\AgentDeck.Tests.csproj", "{44780EB6-BD14-4406-BC8B-76D8B2B37009}"
EndProject
Global
	GlobalSection(SolutionConfigurationPlatforms) = preSolution
		Debug|Any CPU = Debug|Any CPU
		Debug|x64 = Debug|x64
		Debug|x86 = Debug|x86
		Release|Any CPU = Release|Any CPU
		Release|x64 = Release|x64
		Release|x86 = Release|x86
	EndGlobalSection
	GlobalSection(ProjectConfigurationPlatforms) = postSolution
		{81892D36-6C24-45F7-A479-057D8A40C77E}.Debug|Any CPU.ActiveCfg = Debug|Any CPU
		{81892D36-6C24-45F7-A479-057D8A40C77E}.Debug|Any CPU.Build.0 = Debug|Any CPU
		{81892D36-6C24-45F7-A479-057D8A40C77E}.Debug|x64.ActiveCfg = Debug|Any CPU
		{81892D36-6C24-45F7-A479-057D8A40C77E}.Debug|x64.Build.0 = Debug|Any CPU
		{81892D36-6C24-45F7-A479-057D8A40C77E}.Debug|x86.ActiveCfg = Debug|Any CPU
		{81892D36-6C24-45F7-A479-057D8A40C77E}.Debug|x86.Build.0 = Debug|Any CPU
		{81892D36-6C24-45F7-A479-057D8A40C77E}.Release|Any CPU.ActiveCfg = Release|Any CPU
		{81892D36-6C24-45F7-A479-057D8A40C77E}.Release|Any CPU.Build.0 = Release|Any CPU
		{81892D36-6C24-45F7-A479-057D8A40C77E}.Release|x64.ActiveCfg = Release|Any CPU
		{81892D36-6C24-45F7-A479-057D8A40C77E}.Release|x64.Build.0 = Release|Any CPU
		{81892D36-6C24-45F7-A479-057D8A40C77E}.Release|x86.ActiveCfg = Release|Any CPU
		{81892D36-6C24-45F7-A479-057D8A40C77E}.Release|x86.Build.0 = Release|Any CPU
		{44780EB6-BD14-4406-BC8B-76D8B2B37009}.Debug|Any CPU.ActiveCfg = Debug|Any CPU
		{44780EB6-BD14-4406-BC8B-76D8B2B37009}.Debug|Any CPU.Build.0 = Debug|Any CPU
		{44780EB6-BD14-4406-BC8B-76D8B2B37009}.Debug|x64.ActiveCfg = Debug|Any CPU
		{44780EB6-BD14-4406-BC8B-76D8B2B37009}.Debug|x64.Build.0 = Debug|Any CPU
		{44780EB6-BD14-4406-BC8B-76D8B2B37009}.Debug|x86.ActiveCfg = Debug|Any CPU
		{44780EB6-BD14-4406-BC8B-76D8B2B37009}.Debug|x86.Build.0 = Debug|Any CPU
		{44780EB6-BD14-4406-BC8B-76D8B2B37009}.Release|Any CPU.ActiveCfg = Release|Any CPU
		{44780EB6-BD14-4406-BC8B-76D8B2B37009}.Release|Any CPU.Build.0 = Release|Any CPU
		{44780EB6-BD14-4406-BC8B-76D8B2B37009}.Release|x64.ActiveCfg = Release|Any CPU
		{44780EB6-BD14-4406-BC8B-76D8B2B37009}.Release|x64.Build.0 = Release|Any CPU
		{44780EB6-BD14-4406-BC8B-76D8B2B37009}.Release|x86.ActiveCfg = Release|Any CPU
		{44780EB6-BD14-4406-BC8B-76D8B2B37009}.Release|x86.Build.0 = Release|Any CPU
	EndGlobalSection
	GlobalSection(SolutionProperties) = preSolution
		HideSolutionNode = FALSE
	EndGlobalSection
EndGlobal
